
Microsoft Visual Studio Solution File, Format Version 12.00
# Visual Studio Version 17
VisualStudioVersion = 17.4.33122.133
MinimumVisualStudioVersion = 10.0.40219.1
Project("{FAE04EC0-301F-11D3-BF4B-00C04F79EFBC}") = "HotelReservations", "HotelReservations\HotelReservations.csproj", "{7F2E2A56-1786-432B-94D0-19D9AEA1BB15}"
EndProject
Global
	GlobalSection(SolutionConfigurationPlatforms) = preSolution
		Debug|Any CPU = Debug|Any CPU
		Release|Any CPU = Release|Any CPU
	EndGlobalSection
	GlobalSection(ProjectConfigurationPlatforms) = postSolution
		{7F2E2A56-1786-432B-94D0-19D9AEA1BB15}.Debug|Any CPU.ActiveCfg = Debug|Any CPU
		{7F2E2A56-1786-432B-94D0-19D9AEA1BB15}.Debug|Any CPU.Build.0 = Debug|Any CPU
		{7F2E2A56-1786-432B-94D0-19D9AEA1BB15}.Release|Any CPU.ActiveCfg = Release|Any CPU
		{7F2E2A56-1786-432B-94D0-19D9AEA1BB15}.Release|Any CPU.Build.0 = Release|Any CPU
	EndGlobalSection
	GlobalSection(SolutionProperties) = preSolution
		HideSolutionNode = FALSE
	EndGlobalSection
	GlobalSection(ExtensibilityGlobals) = postSolution
		SolutionGuid = {266C820E-3911-4F31-B019-B62DE6AE5537}
	EndGlobalSection
EndGlobal
